github.com/wago-org/wago v0.1.0-beta.8.0.20260916050830-c9ed2455acd9 h1:+/8b9bvAnyUZPG+YTvGpDwpAV+jpp6+bBBWOrr+8Xco=
github.com/wago-org/wago v0.1.0-beta.8.0.20260916050830-c9ed2455acd9/go.mod h1:q0pPiPF6W6GZpTXbWwy+GT+r19KHSzB/gRcPUVHyntI=
github.com/wago-org/workers v0.1.1-0.20260916050909-fa9222c78f9d h1:hx2oFfErXwEJE54E98xzIj0874SUrJL2LXi8EwkQkrQ=
github.com/wago-org/workers v0.1.1-0.20260916050909-fa9222c78f9d/go.mod h1:nFQYC2iT+rgsR2G60CF/NZm4flLcMLkYJoloAFFGztk=
