github.com/wago-org/wago v0.1.0-beta.8.0.20260916044221-1ed62e8dbb48 h1:pHMgqdBUa/co7GWzZpe1PtkpQ1NSdiul1NPpGfx+fjY=
github.com/wago-org/wago v0.1.0-beta.8.0.20260916044221-1ed62e8dbb48/go.mod h1:q0pPiPF6W6GZpTXbWwy+GT+r19KHSzB/gRcPUVHyntI=
github.com/wago-org/workers v0.1.1-0.20260916044404-d9e85d3a4fac h1:Mc7dyhhgGK5mowcDg80ekadJD5bnFR9nnLVlfnqebhw=
github.com/wago-org/workers v0.1.1-0.20260916044404-d9e85d3a4fac/go.mod h1:n225vvDhUh3InubEHR3DQgoyAbnLYQNTX+FIp9d+aPo=
